// !$*UTF8*$!
{
	archiveVersion = 1;
	classes = {
	};
	objectVersion = 46;
	objects = {

/* Begin PBXBuildFile section */
		C3C8CB191CEA901E00BF4CC0 /* AppDelegate.swift in Sources */ = {isa = PBXBuildFile; fileRef = C3C8CB181CEA901E00BF4CC0 /* AppDelegate.swift */; };
		C3C8CB1B1CEA901E00BF4CC0 /* ViewController.swift in Sources */ = {isa = PBXBuildFile; fileRef = C3C8CB1A1CEA901E00BF4CC0 /* ViewController.swift */; };
		C3C8CB1E1CEA901E00BF4CC0 /* Main.storyboard in Resources */ = {isa = PBXBuildFile; fileRef = C3C8CB1C1CEA901E00BF4CC0 /* Main.storyboard */; };
		C3C8CB201CEA901E00BF4CC0 /* Assets.xcassets in Resources */ = {isa = PBXBuildFile; fileRef = C3C8CB1F1CEA901E00BF4CC0 /* Assets.xcassets */; };
		C3C8CB231CEA901E00BF4CC0 /* LaunchScreen.storyboard in Resources */ = {isa = PBXBuildFile; fileRef = C3C8CB211CEA901E00BF4CC0 /* LaunchScreen.storyboard */; };
		C3C8CB2E1CEA901E00BF4CC0 /* tapperTests.swift in Sources */ = {isa = PBXBuildFile; fileRef = C3C8CB2D1CEA901E00BF4CC0 /* tapperTests.swift */; };
		C3C8CB391CEA901E00BF4CC0 /* tapperUITests.swift in Sources */ = {isa = PBXBuildFile; fileRef = C3C8CB381CEA901E00BF4CC0 /* tapperUITests.swift */; };
/* End PBXBuildFile section */

/* Begin PBXContainerItemProxy section */
		C3C8CB2A1CEA901E00BF4CC0 /* PBXContainerItemProxy */ = {
			isa = PBXContainerItemProxy;
			containerPortal = C3C8CB0D1CEA901E00BF4CC0 /* Project object */;
			proxyType = 1;
			remoteGlobalIDString = C3C8CB141CEA901E00BF4CC0;
			remoteInfo = tapper;
		};
		C3C8CB351CEA901E00BF4CC0 /* PBXContainerItemProxy */ = {
			isa = PBXContainerItemProxy;
			containerPortal = C3C8CB0D1CEA901E00BF4CC0 /* Project object */;
			proxyType = 1;
			remoteGlobalIDString = C3C8CB141CEA901E00BF4CC0;
			remoteInfo = tapper;
		};
/* End PBXContainerItemProxy section */

/* Begin PBXFileReference section */
		C3C8CB151CEA901E00BF4CC0 /* tapper.app */ = {isa = PBXFileReference; explicitFileType = wrapper.application; includeInIndex = 0; path = tapper.app; sourceTree = BUILT_PRODUCTS_DIR; };
		C3C8CB181CEA901E00BF4CC0 /* AppDelegate.swift */ = {isa = PBXFileReference; lastKnownFileType = sourcecode.swift; path = AppDelegate.swift; sourceTree = "<group>"; };
		C3C8CB1A1CEA901E00BF4CC0 /* ViewController.swift */ = {isa = PBXFileReference; lastKnownFileType = sourcecode.swift; path = ViewController.swift; sourceTree = "<group>"; };
		C3C8CB1D1CEA901E00BF4CC0 /* Base */ = {isa = PBXFileReference; lastKnownFileType = file.storyboard; name = Base; path = Base.lproj/Main.storyboard; sourceTree = "<group>"; };
		C3C8CB1F1CEA901E00BF4CC0 /* Assets.xcassets */ = {isa = PBXFileReference; lastKnownFileType = folder.assetcatalog; path = Assets.xcassets; sourceTree = "<group>"; };
		C3C8CB221CEA901E00BF4CC0 /* Base */ = {isa = PBXFileReference; lastKnownFileType = file.storyboard; name = Base; path = Base.lproj/LaunchScreen.storyboard; sourceTree = "<group>"; };
		C3C8CB241CEA901E00BF4CC0 /* Info.plist */ = {isa = PBXFileReference; lastKnownFileType = text.plist.xml; path = Info.plist; sourceTree = "<group>"; };
		C3C8CB291CEA901E00BF4CC0 /* tapperTests.xctest */ = {isa = PBXFileReference; explicitFileType = wrapper.cfbundle; includeInIndex = 0; path = tapperTests.xctest; sourceTree = BUILT_PRODUCTS_DIR; };
		C3C8CB2D1CEA901E00BF4CC0 /* tapperTests.swift */ = {isa = PBXFileReference; lastKnownFileType = sourcecode.swift; path = tapperTests.swift; sourceTree = "<group>"; };
		C3C8CB2F1CEA901E00BF4CC0 /* Info.plist */ = {isa = PBXFileReference; lastKnownFileType = text.plist.xml; path = Info.plist; sourceTree = "<group>"; };
		C3C8CB341CEA901E00BF4CC0 /* tapperUITests.xctest */ = {isa = PBXFileReference; explicitFileType = wrapper.cfbundle; includeInIndex = 0; path = tapperUITests.xctest; sourceTree = BUILT_PRODUCTS_DIR; };
		C3C8CB381CEA901E00BF4CC0 /* tapperUITests.swift */ = {isa = PBXFileReference; lastKnownFileType = sourcecode.swift; path = tapperUITests.swift; sourceTree = "<group>"; };
		C3C8CB3A1CEA901E00BF4CC0 /* Info.plist */ = {isa = PBXFileReference; lastKnownFileType = text.plist.xml; path = Info.plist; sourceTree = "<group>"; };
/* End PBXFileReference section */

/* Begin PBXFrameworksBuildPhase section */
		C3C8CB121CEA901E00BF4CC0 /* Frameworks */ = {
			isa = PBXFrameworksBuildPhase;
			buildActionMask = 2147483647;
			files = (
			);
			runOnlyForDeploymentPostprocessing = 0;
		};
		C3C8CB261CEA901E00BF4CC0 /* Frameworks */ = {
			isa = PBXFrameworksBuildPhase;
			buildActionMask = 2147483647;
			files = (
			);
			runOnlyForDeploymentPostprocessing = 0;
		};
		C3C8CB311CEA901E00BF4CC0 /* Frameworks */ = {
			isa = PBXFrameworksBuildPhase;
			buildActionMask = 2147483647;
			files = (
			);
			runOnlyForDeploymentPostprocessing = 0;
		};
/* End PBXFrameworksBuildPhase section */

/* Begin PBXGroup section */
		C3C8CB0C1CEA901E00BF4CC0 = {
			isa = PBXGroup;
			children = (
				C3C8CB171CEA901E00BF4CC0 /* tapper */,
				C3C8CB2C1CEA901E00BF4CC0 /* tapperTests */,
				C3C8CB371CEA901E00BF4CC0 /* tapperUITests */,
				C3C8CB161CEA901E00BF4CC0 /* Products */,
			);
			sourceTree = "<group>";
		};
		C3C8CB161CEA901E00BF4CC0 /* Products */ = {
			isa = PBXGroup;
			children = (
				C3C8CB151CEA901E00BF4CC0 /* tapper.app */,
				C3C8CB291CEA901E00BF4CC0 /* tapperTests.xctest */,
				C3C8CB341CEA901E00BF4CC0 /* tapperUITests.xctest */,
			);
			name = Products;
			sourceTree = "<group>";
		};
		C3C8CB171CEA901E00BF4CC0 /* tapper */ = {
			isa = PBXGroup;
			children = (
				C3C8CB181CEA901E00BF4CC0 /* AppDelegate.swift */,
				C3C8CB1A1CEA901E00BF4CC0 /* ViewController.swift */,
				C3C8CB1C1CEA901E00BF4CC0 /* Main.storyboard */,
				C3C8CB1F1CEA901E00BF4CC0 /* Assets.xcassets */,
				C3C8CB211CEA901E00BF4CC0 /* LaunchScreen.storyboard */,
				C3C8CB241CEA901E00BF4CC0 /* Info.plist */,
			);
			path = tapper;
			sourceTree = "<group>";
		};
		C3C8CB2C1CEA901E00BF4CC0 /* tapperTests */ = {
			isa = PBXGroup;
			children = (
				C3C8CB2D1CEA901E00BF4CC0 /* tapperTests.swift */,
				C3C8CB2F1CEA901E00BF4CC0 /* Info.plist */,
			);
			path = tapperTests;
			sourceTree = "<group>";
		};
		C3C8CB371CEA901E00BF4CC0 /* tapperUITests */ = {
			isa = PBXGroup;
			children = (
				C3C8CB381CEA901E00BF4CC0 /* tapperUITests.swift */,
				C3C8CB3A1CEA901E00BF4CC0 /* Info.plist */,
			);
			path = tapperUITests;
			sourceTree = "<group>";
		};
/* End PBXGroup section */

/* Begin PBXNativeTarget section */
		C3C8CB141CEA901E00BF4CC0 /* tapper */ = {
			isa = PBXNativeTarget;
			buildConfigurationList = C3C8CB3D1CEA901E00BF4CC0 /* Build configuration list for PBXNativeTarget "tapper" */;
			buildPhases = (
				C3C8CB111CEA901E00BF4CC0 /* Sources */,
				C3C8CB121CEA901E00BF4CC0 /* Frameworks */,
				C3C8CB131CEA901E00BF4CC0 /* Resources */,
			);
			buildRules = (
			);
			dependencies = (
			);
			name = tapper;
			productName = tapper;
			productReference = C3C8CB151CEA901E00BF4CC0 /* tapper.app */;
			productType = "com.apple.product-type.application";
		};
		C3C8CB281CEA901E00BF4CC0 /* tapperTests */ = {
			isa = PBXNativeTarget;
			buildConfigurationList = C3C8CB401CEA901E00BF4CC0 /* Build configuration list for PBXNativeTarget "tapperTests" */;
			buildPhases = (
				C3C8CB251CEA901E00BF4CC0 /* Sources */,
				C3C8CB261CEA901E00BF4CC0 /* Frameworks */,
				C3C8CB271CEA901E00BF4CC0 /* Resources */,
			);
			buildRules = (
			);
			dependencies = (
				C3C8CB2B1CEA901E00BF4CC0 /* PBXTargetDependency */,
			);
			name = tapperTests;
			productName = tapperTests;
			productReference = C3C8CB291CEA901E00BF4CC0 /* tapperTests.xctest */;
			productType = "com.apple.product-type.bundle.unit-test";
		};
		C3C8CB331CEA901E00BF4CC0 /* tapperUITests */ = {
			isa = PBXNativeTarget;
			buildConfigurationList = C3C8CB431CEA901E00BF4CC0 /* Build configuration list for PBXNativeTarget "tapperUITests" */;
			buildPhases = (
				C3C8CB301CEA901E00BF4CC0 /* Sources */,
				C3C8CB311CEA901E00BF4CC0 /* Frameworks */,
				C3C8CB321CEA901E00BF4CC0 /* Resources */,
			);
			buildRules = (
			);
			dependencies = (
				C3C8CB361CEA901E00BF4CC0 /* PBXTargetDependency */,
			);
			name = tapperUITests;
			productName = tapperUITests;
			productReference = C3C8CB341CEA901E00BF4CC0 /* tapperUITests.xctest */;
			productType = "com.apple.product-type.bundle.ui-testing";
		};
/* End PBXNativeTarget section */

/* Begin PBXProject section */
		C3C8CB0D1CEA901E00BF4CC0 /* Project object */ = {
			isa = PBXProject;
			attributes = {
				LastUpgradeCheck = 0700;
				ORGANIZATIONNAME = "Math LLC";
				TargetAttributes = {
					C3C8CB141CEA901E00BF4CC0 = {
						CreatedOnToolsVersion = 7.0;
					};
					C3C8CB281CEA901E00BF4CC0 = {
						CreatedOnToolsVersion = 7.0;
						TestTargetID = C3C8CB141CEA901E00BF4CC0;
					};
					C3C8CB331CEA901E00BF4CC0 = {
						CreatedOnToolsVersion = 7.0;
						TestTargetID = C3C8CB141CEA901E00BF4CC0;
					};
				};
			};
			buildConfigurationList = C3C8CB101CEA901E00BF4CC0 /* Build configuration list for PBXProject "tapper" */;
			compatibilityVersion = "Xcode 3.2";
			developmentRegion = English;
			hasScannedForEncodings = 0;
			knownRegions = (
				en,
				Base,
			);
			mainGroup = C3C8CB0C1CEA901E00BF4CC0;
			productRefGroup = C3C8CB161CEA901E00BF4CC0 /* Products */;
			projectDirPath = "";
			projectRoot = "";
			targets = (
				C3C8CB141CEA901E00BF4CC0 /* tapper */,
				C3C8CB281CEA901E00BF4CC0 /* tapperTests */,
				C3C8CB331CEA901E00BF4CC0 /* tapperUITests */,
			);
		};
/* End PBXProject section */

/* Begin PBXResourcesBuildPhase section */
		C3C8CB131CEA901E00BF4CC0 /* Resources */ = {
			isa = PBXResourcesBuildPhase;
			buildActionMask = 2147483647;
			files = (
				C3C8CB231CEA901E00BF4CC0 /* LaunchScreen.storyboard in Resources */,
				C3C8CB201CEA901E00BF4CC0 /* Assets.xcassets in Resources */,
				C3C8CB1E1CEA901E00BF4CC0 /* Main.storyboard in Resources */,
			);
			runOnlyForDeploymentPostprocessing = 0;
		};
		C3C8CB271CEA901E00BF4CC0 /* Resources */ = {
			isa = PBXResourcesBuildPhase;
			buildActionMask = 2147483647;
			files = (
			);
			runOnlyForDeploymentPostprocessing = 0;
		};
		C3C8CB321CEA901E00BF4CC0 /* Resources */ = {
			isa = PBXResourcesBuildPhase;
			buildActionMask = 2147483647;
			files = (
			);
			runOnlyForDeploymentPostprocessing = 0;
		};
/* End PBXResourcesBuildPhase section */

/* Begin PBXSourcesBuildPhase section */
		C3C8CB111CEA901E00BF4CC0 /* Sources */ = {
			isa = PBXSourcesBuildPhase;
			buildActionMask = 2147483647;
			files = (
				C3C8CB1B1CEA901E00BF4CC0 /* ViewController.swift in Sources */,
				C3C8CB191CEA901E00BF4CC0 /* AppDelegate.swift in Sources */,
			);
			runOnlyForDeploymentPostprocessing = 0;
		};
		C3C8CB251CEA901E00BF4CC0 /* Sources */ = {
			isa = PBXSourcesBuildPhase;
			buildActionMask = 2147483647;
			files = (
				C3C8CB2E1CEA901E00BF4CC0 /* tapperTests.swift in Sources */,
			);
			runOnlyForDeploymentPostprocessing = 0;
		};
		C3C8CB301CEA901E00BF4CC0 /* Sources */ = {
			isa = PBXSourcesBuildPhase;
			buildActionMask = 2147483647;
			files = (
				C3C8CB391CEA901E00BF4CC0 /* tapperUITests.swift in Sources */,
			);
			runOnlyForDeploymentPostprocessing = 0;
		};
/* End PBXSourcesBuildPhase section */

/* Begin PBXTargetDependency section */
		C3C8CB2B1CEA901E00BF4CC0 /* PBXTargetDependency */ = {
			isa = PBXTargetDependency;
			target = C3C8CB141CEA901E00BF4CC0 /* tapper */;
			targetProxy = C3C8CB2A1CEA901E00BF4CC0 /* PBXContainerItemProxy */;
		};
		C3C8CB361CEA901E00BF4CC0 /* PBXTargetDependency */ = {
			isa = PBXTargetDependency;
			target = C3C8CB141CEA901E00BF4CC0 /* tapper */;
			targetProxy = C3C8CB351CEA901E00BF4CC0 /* PBXContainerItemProxy */;
		};
/* End PBXTargetDependency section */

/* Begin PBXVariantGroup section */
		C3C8CB1C1CEA901E00BF4CC0 /* Main.storyboard */ = {
			isa = PBXVariantGroup;
			children = (
				C3C8CB1D1CEA901E00BF4CC0 /* Base */,
			);
			name = Main.storyboard;
			sourceTree = "<group>";
		};
		C3C8CB211CEA901E00BF4CC0 /* LaunchScreen.storyboard */ = {
			isa = PBXVariantGroup;
			children = (
				C3C8CB221CEA901E00BF4CC0 /* Base */,
			);
			name = LaunchScreen.storyboard;
			sourceTree = "<group>";
		};
/* End PBXVariantGroup section */

/* Begin XCBuildConfiguration section */
		C3C8CB3B1CEA901E00BF4CC0 /* Debug */ = {
			isa = XCBuildConfiguration;
			buildSettings = {
				ALWAYS_SEARCH_USER_PATHS = NO;
				CLANG_CXX_LANGUAGE_STANDARD = "gnu++0x";
				CLANG_CXX_LIBRARY = "libc++";
				CLANG_ENABLE_MODULES = YES;
				CLANG_ENABLE_OBJC_ARC = YES;
				CLANG_WARN_BOOL_CONVERSION = YES;
				CLANG_WARN_CONSTANT_CONVERSION = YES;
				CLANG_WARN_DIRECT_OBJC_ISA_USAGE = YES_ERROR;
				CLANG_WARN_EMPTY_BODY = YES;
				CLANG_WARN_ENUM_CONVERSION = YES;
				CLANG_WARN_INT_CONVERSION = YES;
				CLANG_WARN_OBJC_ROOT_CLASS = YES_ERROR;
				CLANG_WARN_UNREACHABLE_CODE = YES;
				CLANG_WARN__DUPLICATE_METHOD_MATCH = YES;
				"CODE_SIGN_IDENTITY[sdk=iphoneos*]" = "iPhone Developer";
				COPY_PHASE_STRIP = NO;
				DEBUG_INFORMATION_FORMAT = dwarf;
				ENABLE_STRICT_OBJC_MSGSEND = YES;
				ENABLE_TESTABILITY = YES;
				GCC_C_LANGUAGE_STANDARD = gnu99;
				GCC_DYNAMIC_NO_PIC = NO;
				GCC_NO_COMMON_BLOCKS = YES;
				GCC_OPTIMIZATION_LEVEL = 0;
				GCC_PREPROCESSOR_DEFINITIONS = (
					"DEBUG=1",
					"$(inherited)",
				);
				GCC_WARN_64_TO_32_BIT_CONVERSION = YES;
				GCC_WARN_ABOUT_RETURN_TYPE = YES_ERROR;
				GCC_WARN_UNDECLARED_SELECTOR = YES;
				GCC_WARN_UNINITIALIZED_AUTOS = YES_AGGRESSIVE;
				GCC_WARN_UNUSED_FUNCTION = YES;
				GCC_WARN_UNUSED_VARIABLE = YES;
				IPHONEOS_DEPLOYMENT_TARGET = 9.0;
				MTL_ENABLE_DEBUG_INFO = YES;
				ONLY_ACTIVE_ARCH = YES;
				SDKROOT = iphoneos;
				SWIFT_OPTIMIZATION_LEVEL = "-Onone";
			};
			name = Debug;
		};
		C3C8CB3C1CEA901E00BF4CC0 /* Release */ = {
			isa = XCBuildConfiguration;
			buildSettings = {
				ALWAYS_SEARCH_USER_PATHS = NO;
				CLANG_CXX_LANGUAGE_STANDARD = "gnu++0x";
				CLANG_CXX_LIBRARY = "libc++";
				CLANG_ENABLE_MODULES = YES;
				CLANG_ENABLE_OBJC_ARC = YES;
				CLANG_WARN_BOOL_CONVERSION = YES;
				CLANG_WARN_CONSTANT_CONVERSION = YES;
				CLANG_WARN_DIRECT_OBJC_ISA_USAGE = YES_ERROR;
				CLANG_WARN_EMPTY_BODY = YES;
				CLANG_WARN_ENUM_CONVERSION = YES;
				CLANG_WARN_INT_CONVERSION = YES;
				CLANG_WARN_OBJC_ROOT_CLASS = YES_ERROR;
				CLANG_WARN_UNREACHABLE_CODE = YES;
				CLANG_WARN__DUPLICATE_METHOD_MATCH = YES;
				"CODE_SIGN_IDENTITY[sdk=iphoneos*]" = "iPhone Developer";
				COPY_PHASE_STRIP = NO;
				DEBUG_INFORMATION_FORMAT = "dwarf-with-dsym";
				ENABLE_NS_ASSERTIONS = NO;
				ENABLE_STRICT_OBJC_MSGSEND = YES;
				GCC_C_LANGUAGE_STANDARD = gnu99;
				GCC_NO_COMMON_BLOCKS = YES;
				GCC_WARN_64_TO_32_BIT_CONVERSION = YES;
				GCC_WARN_ABOUT_RETURN_TYPE = YES_ERROR;
				GCC_WARN_UNDECLARED_SELECTOR = YES;
				GCC_WARN_UNINITIALIZED_AUTOS = YES_AGGRESSIVE;
				GCC_WARN_UNUSED_FUNCTION = YES;
				GCC_WARN_UNUSED_VARIABLE = YES;
				IPHONEOS_DEPLOYMENT_TARGET = 9.0;
				MTL_ENABLE_DEBUG_INFO = NO;
				SDKROOT = iphoneos;
				VALIDATE_PRODUCT = YES;
			};
			name = Release;
		};
		C3C8CB3E1CEA901E00BF4CC0 /* Debug */ = {
			isa = XCBuildConfiguration;
			buildSettings = {
				ASSETCATALOG_COMPILER_APPICON_NAME = AppIcon;
				INFOPLIST_FILE = tapper/Info.plist;
				LD_RUNPATH_SEARCH_PATHS = "$(inherited) @executable_path/Frameworks";
				PRODUCT_BUNDLE_IDENTIFIER = com.math.tapper;
				PRODUCT_NAME = "$(TARGET_NAME)";
			};
			name = Debug;
		};
		C3C8CB3F1CEA901E00BF4CC0 /* Release */ = {
			isa = XCBuildConfiguration;
			buildSettings = {
				ASSETCATALOG_COMPILER_APPICON_NAME = AppIcon;
				INFOPLIST_FILE = tapper/Info.plist;
				LD_RUNPATH_SEARCH_PATHS = "$(inherited) @executable_path/Frameworks";
				PRODUCT_BUNDLE_IDENTIFIER = com.math.tapper;
				PRODUCT_NAME = "$(TARGET_NAME)";
			};
			name = Release;
		};
		C3C8CB411CEA901E00BF4CC0 /* Debug */ = {
			isa = XCBuildConfiguration;
			buildSettings = {
				BUNDLE_LOADER = "$(TEST_HOST)";
				INFOPLIST_FILE = tapperTests/Info.plist;
				LD_RUNPATH_SEARCH_PATHS = "$(inherited) @executable_path/Frameworks @loader_path/Frameworks";
				PRODUCT_BUNDLE_IDENTIFIER = com.math.tapperTests;
				PRODUCT_NAME = "$(TARGET_NAME)";
				TEST_HOST = "$(BUILT_PRODUCTS_DIR)/tapper.app/tapper";
			};
			name = Debug;
		};
		C3C8CB421CEA901E00BF4CC0 /* Release */ = {
			isa = XCBuildConfiguration;
			buildSettings = {
				BUNDLE_LOADER = "$(TEST_HOST)";
				INFOPLIST_FILE = tapperTests/Info.plist;
				LD_RUNPATH_SEARCH_PATHS = "$(inherited) @executable_path/Frameworks @loader_path/Frameworks";
				PRODUCT_BUNDLE_IDENTIFIER = com.math.tapperTests;
				PRODUCT_NAME = "$(TARGET_NAME)";
				TEST_HOST = "$(BUILT_PRODUCTS_DIR)/tapper.app/tapper";
			};
			name = Release;
		};
		C3C8CB441CEA901E00BF4CC0 /* Debug */ = {
			isa = XCBuildConfiguration;
			buildSettings = {
				INFOPLIST_FILE = tapperUITests/Info.plist;
				LD_RUNPATH_SEARCH_PATHS = "$(inherited) @executable_path/Frameworks @loader_path/Frameworks";
				PRODUCT_BUNDLE_IDENTIFIER = com.math.tapperUITests;
				PRODUCT_NAME = "$(TARGET_NAME)";
				TEST_TARGET_NAME = tapper;
				USES_XCTRUNNER = YES;
			};
			name = Debug;
		};
		C3C8CB451CEA901E00BF4CC0 /* Release */ = {
			isa = XCBuildConfiguration;
			buildSettings = {
				INFOPLIST_FILE = tapperUITests/Info.plist;
				LD_RUNPATH_SEARCH_PATHS = "$(inherited) @executable_path/Frameworks @loader_path/Frameworks";
				PRODUCT_BUNDLE_IDENTIFIER = com.math.tapperUITests;
				PRODUCT_NAME = "$(TARGET_NAME)";
				TEST_TARGET_NAME = tapper;
				USES_XCTRUNNER = YES;
			};
			name = Release;
		};
/* End XCBuildConfiguration section */

/* Begin XCConfigurationList section */
		C3C8CB101CEA901E00BF4CC0 /* Build configuration list for PBXProject "tapper" */ = {
			isa = XCConfigurationList;
			buildConfigurations = (
				C3C8CB3B1CEA901E00BF4CC0 /* Debug */,
				C3C8CB3C1CEA901E00BF4CC0 /* Release */,
			);
			defaultConfigurationIsVisible = 0;
			defaultConfigurationName = Release;
		};
		C3C8CB3D1CEA901E00BF4CC0 /* Build configuration list for PBXNativeTarget "tapper" */ = {
			isa = XCConfigurationList;
			buildConfigurations = (
				C3C8CB3E1CEA901E00BF4CC0 /* Debug */,
				C3C8CB3F1CEA901E00BF4CC0 /* Release */,
			);
			defaultConfigurationIsVisible = 0;
		};
		C3C8CB401CEA901E00BF4CC0 /* Build configuration list for PBXNativeTarget "tapperTests" */ = {
			isa = XCConfigurationList;
			buildConfigurations = (
				C3C8CB411CEA901E00BF4CC0 /* Debug */,
				C3C8CB421CEA901E00BF4CC0 /* Release */,
			);
			defaultConfigurationIsVisible = 0;
		};
		C3C8CB431CEA901E00BF4CC0 /* Build configuration list for PBXNativeTarget "tapperUITests" */ = {
			isa = XCConfigurationList;
			buildConfigurations = (
				C3C8CB441CEA901E00BF4CC0 /* Debug */,
				C3C8CB451CEA901E00BF4CC0 /* Release */,
			);
			defaultConfigurationIsVisible = 0;
		};
/* End XCConfigurationList section */
	};
	rootObject = C3C8CB0D1CEA901E00BF4CC0 /* Project object */;
}
